// !$*UTF8*$!
{
	archiveVersion = 1;
	classes = {
	};
	objectVersion = 48;
	objects = {

/* Begin PBXBuildFile section */
		3537768B23692AA0005EC728 /* Artist.swift in Sources */ = {isa = PBXBuildFile; fileRef = 3537768A23692AA0005EC728 /* Artist.swift */; };
		355DDD172368EEA7004256D8 /* AlbumsSearchResults.swift in Sources */ = {isa = PBXBuildFile; fileRef = 355DDD162368EEA7004256D8 /* AlbumsSearchResults.swift */; };
		3590BA9F2368E26D005E8941 /* Album.swift in Sources */ = {isa = PBXBuildFile; fileRef = 3590BA9E2368E26D005E8941 /* Album.swift */; };
		3590BAA22368E39A005E8941 /* AlbumsArray.swift in Sources */ = {isa = PBXBuildFile; fileRef = 3590BAA12368E39A005E8941 /* AlbumsArray.swift */; };
		3590BAA42368E5BE005E8941 /* AlbumMatches.swift in Sources */ = {isa = PBXBuildFile; fileRef = 3590BAA32368E5BE005E8941 /* AlbumMatches.swift */; };
		359A14312368D48C002E0C2B /* Constants.swift in Sources */ = {isa = PBXBuildFile; fileRef = 359A14302368D48C002E0C2B /* Constants.swift */; };
		35DBC1782368C33800FE3D9B /* AppDelegate.swift in Sources */ = {isa = PBXBuildFile; fileRef = 35DBC1772368C33800FE3D9B /* AppDelegate.swift */; };
		35DBC17A2368C33800FE3D9B /* ViewController.swift in Sources */ = {isa = PBXBuildFile; fileRef = 35DBC1792368C33800FE3D9B /* ViewController.swift */; };
		35DBC17D2368C33800FE3D9B /* Main.storyboard in Resources */ = {isa = PBXBuildFile; fileRef = 35DBC17B2368C33800FE3D9B /* Main.storyboard */; };
		35DBC17F2368C33800FE3D9B /* Assets.xcassets in Resources */ = {isa = PBXBuildFile; fileRef = 35DBC17E2368C33800FE3D9B /* Assets.xcassets */; };
		35DBC1822368C33800FE3D9B /* LaunchScreen.storyboard in Resources */ = {isa = PBXBuildFile; fileRef = 35DBC1802368C33800FE3D9B /* LaunchScreen.storyboard */; };
		35DBC1912368C64400FE3D9B /* APIService.swift in Sources */ = {isa = PBXBuildFile; fileRef = 35DBC1892368C64300FE3D9B /* APIService.swift */; };
		35DBC1922368C64400FE3D9B /* Configuration.swift in Sources */ = {isa = PBXBuildFile; fileRef = 35DBC18A2368C64300FE3D9B /* Configuration.swift */; };
		35DBC1932368C64400FE3D9B /* ErrorParser.swift in Sources */ = {isa = PBXBuildFile; fileRef = 35DBC18B2368C64300FE3D9B /* ErrorParser.swift */; };
		35DBC1942368C64400FE3D9B /* AccessTokenAdapter.swift in Sources */ = {isa = PBXBuildFile; fileRef = 35DBC18C2368C64300FE3D9B /* AccessTokenAdapter.swift */; };
		35DBC1952368C64400FE3D9B /* NetworkError.swift in Sources */ = {isa = PBXBuildFile; fileRef = 35DBC18D2368C64300FE3D9B /* NetworkError.swift */; };
		35DBC1962368C64400FE3D9B /* AlamofireNetwokrLayer.swift in Sources */ = {isa = PBXBuildFile; fileRef = 35DBC18E2368C64300FE3D9B /* AlamofireNetwokrLayer.swift */; };
		35DBC1972368C64400FE3D9B /* NetworkResponse.swift in Sources */ = {isa = PBXBuildFile; fileRef = 35DBC18F2368C64400FE3D9B /* NetworkResponse.swift */; };
		35DBC1982368C64400FE3D9B /* HttpStatusCode.swift in Sources */ = {isa = PBXBuildFile; fileRef = 35DBC1902368C64400FE3D9B /* HttpStatusCode.swift */; };
		35DBC19C2368C82600FE3D9B /* SearchService.swift in Sources */ = {isa = PBXBuildFile; fileRef = 35DBC19B2368C82600FE3D9B /* SearchService.swift */; };
		35FEE32123692E8500CB561C /* ArtistsArray.swift in Sources */ = {isa = PBXBuildFile; fileRef = 35FEE32023692E8500CB561C /* ArtistsArray.swift */; };
		35FEE32323692F1800CB561C /* ArtistMatches.swift in Sources */ = {isa = PBXBuildFile; fileRef = 35FEE32223692F1800CB561C /* ArtistMatches.swift */; };
		35FEE32523692FBC00CB561C /* ArtistsSearchResult.swift in Sources */ = {isa = PBXBuildFile; fileRef = 35FEE32423692FBC00CB561C /* ArtistsSearchResult.swift */; };
		B8219CB04763E90C337A07D0 /* Pods_LastFM.framework in Frameworks */ = {isa = PBXBuildFile; fileRef = 9AB509237C3D05DC2F44EF8D /* Pods_LastFM.framework */; };
/* End PBXBuildFile section */

/* Begin PBXFileReference section */
		3537768A23692AA0005EC728 /* Artist.swift */ = {isa = PBXFileReference; lastKnownFileType = sourcecode.swift; path = Artist.swift; sourceTree = "<group>"; };
		355DDD162368EEA7004256D8 /* AlbumsSearchResults.swift */ = {isa = PBXFileReference; lastKnownFileType = sourcecode.swift; path = AlbumsSearchResults.swift; sourceTree = "<group>"; };
		3590BA9E2368E26D005E8941 /* Album.swift */ = {isa = PBXFileReference; lastKnownFileType = sourcecode.swift; path = Album.swift; sourceTree = "<group>"; };
		3590BAA12368E39A005E8941 /* AlbumsArray.swift */ = {isa = PBXFileReference; lastKnownFileType = sourcecode.swift; path = AlbumsArray.swift; sourceTree = "<group>"; };
		3590BAA32368E5BE005E8941 /* AlbumMatches.swift */ = {isa = PBXFileReference; lastKnownFileType = sourcecode.swift; path = AlbumMatches.swift; sourceTree = "<group>"; };
		359A14302368D48C002E0C2B /* Constants.swift */ = {isa = PBXFileReference; lastKnownFileType = sourcecode.swift; path = Constants.swift; sourceTree = "<group>"; };
		35DBC1742368C33800FE3D9B /* LastFM.app */ = {isa = PBXFileReference; explicitFileType = wrapper.application; includeInIndex = 0; path = LastFM.app; sourceTree = BUILT_PRODUCTS_DIR; };
		35DBC1772368C33800FE3D9B /* AppDelegate.swift */ = {isa = PBXFileReference; lastKnownFileType = sourcecode.swift; path = AppDelegate.swift; sourceTree = "<group>"; };
		35DBC1792368C33800FE3D9B /* ViewController.swift */ = {isa = PBXFileReference; lastKnownFileType = sourcecode.swift; path = ViewController.swift; sourceTree = "<group>"; };
		35DBC17C2368C33800FE3D9B /* Base */ = {isa = PBXFileReference; lastKnownFileType = file.storyboard; name = Base; path = Base.lproj/Main.storyboard; sourceTree = "<group>"; };
		35DBC17E2368C33800FE3D9B /* Assets.xcassets */ = {isa = PBXFileReference; lastKnownFileType = folder.assetcatalog; path = Assets.xcassets; sourceTree = "<group>"; };
		35DBC1812368C33800FE3D9B /* Base */ = {isa = PBXFileReference; lastKnownFileType = file.storyboard; name = Base; path = Base.lproj/LaunchScreen.storyboard; sourceTree = "<group>"; };
		35DBC1832368C33800FE3D9B /* Info.plist */ = {isa = PBXFileReference; lastKnownFileType = text.plist.xml; path = Info.plist; sourceTree = "<group>"; };
		35DBC1892368C64300FE3D9B /* APIService.swift */ = {isa = PBXFileReference; fileEncoding = 4; lastKnownFileType = sourcecode.swift; path = APIService.swift; sourceTree = "<group>"; };
		35DBC18A2368C64300FE3D9B /* Configuration.swift */ = {isa = PBXFileReference; fileEncoding = 4; lastKnownFileType = sourcecode.swift; path = Configuration.swift; sourceTree = "<group>"; };
		35DBC18B2368C64300FE3D9B /* ErrorParser.swift */ = {isa = PBXFileReference; fileEncoding = 4; lastKnownFileType = sourcecode.swift; path = ErrorParser.swift; sourceTree = "<group>"; };
		35DBC18C2368C64300FE3D9B /* AccessTokenAdapter.swift */ = {isa = PBXFileReference; fileEncoding = 4; lastKnownFileType = sourcecode.swift; path = AccessTokenAdapter.swift; sourceTree = "<group>"; };
		35DBC18D2368C64300FE3D9B /* NetworkError.swift */ = {isa = PBXFileReference; fileEncoding = 4; lastKnownFileType = sourcecode.swift; path = NetworkError.swift; sourceTree = "<group>"; };
		35DBC18E2368C64300FE3D9B /* AlamofireNetwokrLayer.swift */ = {isa = PBXFileReference; fileEncoding = 4; lastKnownFileType = sourcecode.swift; path = AlamofireNetwokrLayer.swift; sourceTree = "<group>"; };
		35DBC18F2368C64400FE3D9B /* NetworkResponse.swift */ = {isa = PBXFileReference; fileEncoding = 4; lastKnownFileType = sourcecode.swift; path = NetworkResponse.swift; sourceTree = "<group>"; };
		35DBC1902368C64400FE3D9B /* HttpStatusCode.swift */ = {isa = PBXFileReference; fileEncoding = 4; lastKnownFileType = sourcecode.swift; path = HttpStatusCode.swift; sourceTree = "<group>"; };
		35DBC19B2368C82600FE3D9B /* SearchService.swift */ = {isa = PBXFileReference; lastKnownFileType = sourcecode.swift; path = SearchService.swift; sourceTree = "<group>"; };
		35FEE32023692E8500CB561C /* ArtistsArray.swift */ = {isa = PBXFileReference; lastKnownFileType = sourcecode.swift; path = ArtistsArray.swift; sourceTree = "<group>"; };
		35FEE32223692F1800CB561C /* ArtistMatches.swift */ = {isa = PBXFileReference; lastKnownFileType = sourcecode.swift; path = ArtistMatches.swift; sourceTree = "<group>"; };
		35FEE32423692FBC00CB561C /* ArtistsSearchResult.swift */ = {isa = PBXFileReference; lastKnownFileType = sourcecode.swift; path = ArtistsSearchResult.swift; sourceTree = "<group>"; };
		640BBDEDACB47DDBA7153D78 /* Pods-LastFM.debug.xcconfig */ = {isa = PBXFileReference; includeInIndex = 1; lastKnownFileType = text.xcconfig; name = "Pods-LastFM.debug.xcconfig"; path = "Pods/Target Support Files/Pods-LastFM/Pods-LastFM.debug.xcconfig"; sourceTree = "<group>"; };
		9AB509237C3D05DC2F44EF8D /* Pods_LastFM.framework */ = {isa = PBXFileReference; explicitFileType = wrapper.framework; includeInIndex = 0; path = Pods_LastFM.framework; sourceTree = BUILT_PRODUCTS_DIR; };
		DA2800131985CFB459E7963A /* Pods-LastFM.release.xcconfig */ = {isa = PBXFileReference; includeInIndex = 1; lastKnownFileType = text.xcconfig; name = "Pods-LastFM.release.xcconfig"; path = "Pods/Target Support Files/Pods-LastFM/Pods-LastFM.release.xcconfig"; sourceTree = "<group>"; };
/* End PBXFileReference section */

/* Begin PBXFrameworksBuildPhase section */
		35DBC1712368C33800FE3D9B /* Frameworks */ = {
			isa = PBXFrameworksBuildPhase;
			buildActionMask = 2147483647;
			files = (
				B8219CB04763E90C337A07D0 /* Pods_LastFM.framework in Frameworks */,
			);
			runOnlyForDeploymentPostprocessing = 0;
		};
/* End PBXFrameworksBuildPhase section */

/* Begin PBXGroup section */
		3537768C23692AE2005EC728 /* Artist Search */ = {
			isa = PBXGroup;
			children = (
				3537768A23692AA0005EC728 /* Artist.swift */,
				35FEE32023692E8500CB561C /* ArtistsArray.swift */,
				35FEE32223692F1800CB561C /* ArtistMatches.swift */,
				35FEE32423692FBC00CB561C /* ArtistsSearchResult.swift */,
			);
			path = "Artist Search";
			sourceTree = "<group>";
		};
		3590BAA02368E385005E8941 /* Response Models */ = {
			isa = PBXGroup;
			children = (
				35F15723236926DE0040CD37 /* Album Search */,
				3537768C23692AE2005EC728 /* Artist Search */,
			);
			path = "Response Models";
			sourceTree = "<group>";
		};
		35DBC16B2368C33800FE3D9B = {
			isa = PBXGroup;
			children = (
				35DBC1762368C33800FE3D9B /* LastFM */,
				35DBC1752368C33800FE3D9B /* Products */,
				EB8285B02388B9AE9D9CDEB4 /* Pods */,
				DDEDA6D4A398425E321F9461 /* Frameworks */,
			);
			sourceTree = "<group>";
		};
		35DBC1752368C33800FE3D9B /* Products */ = {
			isa = PBXGroup;
			children = (
				35DBC1742368C33800FE3D9B /* LastFM.app */,
			);
			name = Products;
			sourceTree = "<group>";
		};
		35DBC1762368C33800FE3D9B /* LastFM */ = {
			isa = PBXGroup;
			children = (
				35DBC1772368C33800FE3D9B /* AppDelegate.swift */,
				35DBC1792368C33800FE3D9B /* ViewController.swift */,
				35DBC17B2368C33800FE3D9B /* Main.storyboard */,
				35DBC17E2368C33800FE3D9B /* Assets.xcassets */,
				35DBC1802368C33800FE3D9B /* LaunchScreen.storyboard */,
				35DBC1992368C65100FE3D9B /* API Service */,
				35DBC1832368C33800FE3D9B /* Info.plist */,
				359A14302368D48C002E0C2B /* Constants.swift */,
				3590BAA02368E385005E8941 /* Response Models */,
			);
			path = LastFM;
			sourceTree = "<group>";
		};
		35DBC1992368C65100FE3D9B /* API Service */ = {
			isa = PBXGroup;
			children = (
				35DBC19A2368C66100FE3D9B /* Network */,
				35DBC19D2368C92600FE3D9B /* Services */,
			);
			path = "API Service";
			sourceTree = "<group>";
		};
		35DBC19A2368C66100FE3D9B /* Network */ = {
			isa = PBXGroup;
			children = (
				35DBC18C2368C64300FE3D9B /* AccessTokenAdapter.swift */,
				35DBC18E2368C64300FE3D9B /* AlamofireNetwokrLayer.swift */,
				35DBC1892368C64300FE3D9B /* APIService.swift */,
				35DBC18A2368C64300FE3D9B /* Configuration.swift */,
				35DBC18B2368C64300FE3D9B /* ErrorParser.swift */,
				35DBC1902368C64400FE3D9B /* HttpStatusCode.swift */,
				35DBC18D2368C64300FE3D9B /* NetworkError.swift */,
				35DBC18F2368C64400FE3D9B /* NetworkResponse.swift */,
			);
			path = Network;
			sourceTree = "<group>";
		};
		35DBC19D2368C92600FE3D9B /* Services */ = {
			isa = PBXGroup;
			children = (
				35DBC19B2368C82600FE3D9B /* SearchService.swift */,
			);
			path = Services;
			sourceTree = "<group>";
		};
		35F15723236926DE0040CD37 /* Album Search */ = {
			isa = PBXGroup;
			children = (
				3590BA9E2368E26D005E8941 /* Album.swift */,
				3590BAA12368E39A005E8941 /* AlbumsArray.swift */,
				3590BAA32368E5BE005E8941 /* AlbumMatches.swift */,
				355DDD162368EEA7004256D8 /* AlbumsSearchResults.swift */,
			);
			path = "Album Search";
			sourceTree = "<group>";
		};
		DDEDA6D4A398425E321F9461 /* Frameworks */ = {
			isa = PBXGroup;
			children = (
				9AB509237C3D05DC2F44EF8D /* Pods_LastFM.framework */,
			);
			name = Frameworks;
			sourceTree = "<group>";
		};
		EB8285B02388B9AE9D9CDEB4 /* Pods */ = {
			isa = PBXGroup;
			children = (
				640BBDEDACB47DDBA7153D78 /* Pods-LastFM.debug.xcconfig */,
				DA2800131985CFB459E7963A /* Pods-LastFM.release.xcconfig */,
			);
			name = Pods;
			sourceTree = "<group>";
		};
/* End PBXGroup section */

/* Begin PBXNativeTarget section */
		35DBC1732368C33800FE3D9B /* LastFM */ = {
			isa = PBXNativeTarget;
			buildConfigurationList = 35DBC1862368C33800FE3D9B /* Build configuration list for PBXNativeTarget "LastFM" */;
			buildPhases = (
				8EA7E69E3610A21B6D8AEC10 /* [CP] Check Pods Manifest.lock */,
				35DBC1702368C33800FE3D9B /* Sources */,
				35DBC1712368C33800FE3D9B /* Frameworks */,
				35DBC1722368C33800FE3D9B /* Resources */,
				BBE72ABEFF557C732FC040AE /* [CP] Embed Pods Frameworks */,
				62BE142AC8BEB31A807CC937 /* [CP] Copy Pods Resources */,
			);
			buildRules = (
			);
			dependencies = (
			);
			name = LastFM;
			productName = LastFM;
			productReference = 35DBC1742368C33800FE3D9B /* LastFM.app */;
			productType = "com.apple.product-type.application";
		};
/* End PBXNativeTarget section */

/* Begin PBXProject section */
		35DBC16C2368C33800FE3D9B /* Project object */ = {
			isa = PBXProject;
			attributes = {
				LastSwiftUpdateCheck = 0900;
				LastUpgradeCheck = 0900;
				ORGANIZATIONNAME = "Alejandro Rodriguez";
				TargetAttributes = {
					35DBC1732368C33800FE3D9B = {
						CreatedOnToolsVersion = 9.0.1;
						ProvisioningStyle = Automatic;
					};
				};
			};
			buildConfigurationList = 35DBC16F2368C33800FE3D9B /* Build configuration list for PBXProject "LastFM" */;
			compatibilityVersion = "Xcode 8.0";
			developmentRegion = en;
			hasScannedForEncodings = 0;
			knownRegions = (
				en,
				Base,
			);
			mainGroup = 35DBC16B2368C33800FE3D9B;
			productRefGroup = 35DBC1752368C33800FE3D9B /* Products */;
			projectDirPath = "";
			projectRoot = "";
			targets = (
				35DBC1732368C33800FE3D9B /* LastFM */,
			);
		};
/* End PBXProject section */

/* Begin PBXResourcesBuildPhase section */
		35DBC1722368C33800FE3D9B /* Resources */ = {
			isa = PBXResourcesBuildPhase;
			buildActionMask = 2147483647;
			files = (
				35DBC1822368C33800FE3D9B /* LaunchScreen.storyboard in Resources */,
				35DBC17F2368C33800FE3D9B /* Assets.xcassets in Resources */,
				35DBC17D2368C33800FE3D9B /* Main.storyboard in Resources */,
			);
			runOnlyForDeploymentPostprocessing = 0;
		};
/* End PBXResourcesBuildPhase section */

/* Begin PBXShellScriptBuildPhase section */
		62BE142AC8BEB31A807CC937 /* [CP] Copy Pods Resources */ = {
			isa = PBXShellScriptBuildPhase;
			buildActionMask = 2147483647;
			files = (
			);
			inputPaths = (
			);
			name = "[CP] Copy Pods Resources";
			outputPaths = (
			);
			runOnlyForDeploymentPostprocessing = 0;
			shellPath = /bin/sh;
			shellScript = "\"${SRCROOT}/Pods/Target Support Files/Pods-LastFM/Pods-LastFM-resources.sh\"\n";
			showEnvVarsInLog = 0;
		};
		8EA7E69E3610A21B6D8AEC10 /* [CP] Check Pods Manifest.lock */ = {
			isa = PBXShellScriptBuildPhase;
			buildActionMask = 2147483647;
			files = (
			);
			inputPaths = (
				"${PODS_PODFILE_DIR_PATH}/Podfile.lock",
				"${PODS_ROOT}/Manifest.lock",
			);
			name = "[CP] Check Pods Manifest.lock";
			outputPaths = (
				"$(DERIVED_FILE_DIR)/Pods-LastFM-checkManifestLockResult.txt",
			);
			runOnlyForDeploymentPostprocessing = 0;
			shellPath = /bin/sh;
			shellScript = "diff \"${PODS_PODFILE_DIR_PATH}/Podfile.lock\" \"${PODS_ROOT}/Manifest.lock\" > /dev/null\nif [ $? != 0 ] ; then\n    # print error to STDERR\n    echo \"error: The sandbox is not in sync with the Podfile.lock. Run 'pod install' or update your CocoaPods installation.\" >&2\n    exit 1\nfi\n# This output is used by Xcode 'outputs' to avoid re-running this script phase.\necho \"SUCCESS\" > \"${SCRIPT_OUTPUT_FILE_0}\"\n";
			showEnvVarsInLog = 0;
		};
		BBE72ABEFF557C732FC040AE /* [CP] Embed Pods Frameworks */ = {
			isa = PBXShellScriptBuildPhase;
			buildActionMask = 2147483647;
			files = (
			);
			inputPaths = (
				"${SRCROOT}/Pods/Target Support Files/Pods-LastFM/Pods-LastFM-frameworks.sh",
				"${BUILT_PRODUCTS_DIR}/Alamofire/Alamofire.framework",
				"${BUILT_PRODUCTS_DIR}/SDWebImage/SDWebImage.framework",
			);
			name = "[CP] Embed Pods Frameworks";
			outputPaths = (
				"${TARGET_BUILD_DIR}/${FRAMEWORKS_FOLDER_PATH}/Alamofire.framework",
				"${TARGET_BUILD_DIR}/${FRAMEWORKS_FOLDER_PATH}/SDWebImage.framework",
			);
			runOnlyForDeploymentPostprocessing = 0;
			shellPath = /bin/sh;
			shellScript = "\"${SRCROOT}/Pods/Target Support Files/Pods-LastFM/Pods-LastFM-frameworks.sh\"\n";
			showEnvVarsInLog = 0;
		};
/* End PBXShellScriptBuildPhase section */

/* Begin PBXSourcesBuildPhase section */
		35DBC1702368C33800FE3D9B /* Sources */ = {
			isa = PBXSourcesBuildPhase;
			buildActionMask = 2147483647;
			files = (
				3590BA9F2368E26D005E8941 /* Album.swift in Sources */,
				35DBC19C2368C82600FE3D9B /* SearchService.swift in Sources */,
				35DBC1932368C64400FE3D9B /* ErrorParser.swift in Sources */,
				35FEE32323692F1800CB561C /* ArtistMatches.swift in Sources */,
				35DBC1952368C64400FE3D9B /* NetworkError.swift in Sources */,
				355DDD172368EEA7004256D8 /* AlbumsSearchResults.swift in Sources */,
				35DBC17A2368C33800FE3D9B /* ViewController.swift in Sources */,
				35FEE32523692FBC00CB561C /* ArtistsSearchResult.swift in Sources */,
				35DBC1912368C64400FE3D9B /* APIService.swift in Sources */,
				35DBC1982368C64400FE3D9B /* HttpStatusCode.swift in Sources */,
				35DBC1942368C64400FE3D9B /* AccessTokenAdapter.swift in Sources */,
				3590BAA42368E5BE005E8941 /* AlbumMatches.swift in Sources */,
				35DBC1972368C64400FE3D9B /* NetworkResponse.swift in Sources */,
				35DBC1962368C64400FE3D9B /* AlamofireNetwokrLayer.swift in Sources */,
				35FEE32123692E8500CB561C /* ArtistsArray.swift in Sources */,
				35DBC1922368C64400FE3D9B /* Configuration.swift in Sources */,
				3590BAA22368E39A005E8941 /* AlbumsArray.swift in Sources */,
				3537768B23692AA0005EC728 /* Artist.swift in Sources */,
				35DBC1782368C33800FE3D9B /* AppDelegate.swift in Sources */,
				359A14312368D48C002E0C2B /* Constants.swift in Sources */,
			);
			runOnlyForDeploymentPostprocessing = 0;
		};
/* End PBXSourcesBuildPhase section */

/* Begin PBXVariantGroup section */
		35DBC17B2368C33800FE3D9B /* Main.storyboard */ = {
			isa = PBXVariantGroup;
			children = (
				35DBC17C2368C33800FE3D9B /* Base */,
			);
			name = Main.storyboard;
			sourceTree = "<group>";
		};
		35DBC1802368C33800FE3D9B /* LaunchScreen.storyboard */ = {
			isa = PBXVariantGroup;
			children = (
				35DBC1812368C33800FE3D9B /* Base */,
			);
			name = LaunchScreen.storyboard;
			sourceTree = "<group>";
		};
/* End PBXVariantGroup section */

/* Begin XCBuildConfiguration section */
		35DBC1842368C33800FE3D9B /* Debug */ = {
			isa = XCBuildConfiguration;
			buildSettings = {
				ALWAYS_SEARCH_USER_PATHS = NO;
				CLANG_ANALYZER_NONNULL = YES;
				CLANG_ANALYZER_NUMBER_OBJECT_CONVERSION = YES_AGGRESSIVE;
				CLANG_CXX_LANGUAGE_STANDARD = "gnu++14";
				CLANG_CXX_LIBRARY = "libc++";
				CLANG_ENABLE_MODULES = YES;
				CLANG_ENABLE_OBJC_ARC = YES;
				CLANG_WARN_BLOCK_CAPTURE_AUTORELEASING = YES;
				CLANG_WARN_BOOL_CONVERSION = YES;
				CLANG_WARN_COMMA = YES;
				CLANG_WARN_CONSTANT_CONVERSION = YES;
				CLANG_WARN_DIRECT_OBJC_ISA_USAGE = YES_ERROR;
				CLANG_WARN_DOCUMENTATION_COMMENTS = YES;
				CLANG_WARN_EMPTY_BODY = YES;
				CLANG_WARN_ENUM_CONVERSION = YES;
				CLANG_WARN_INFINITE_RECURSION = YES;
				CLANG_WARN_INT_CONVERSION = YES;
				CLANG_WARN_NON_LITERAL_NULL_CONVERSION = YES;
				CLANG_WARN_OBJC_LITERAL_CONVERSION = YES;
				CLANG_WARN_OBJC_ROOT_CLASS = YES_ERROR;
				CLANG_WARN_RANGE_LOOP_ANALYSIS = YES;
				CLANG_WARN_STRICT_PROTOTYPES = YES;
				CLANG_WARN_SUSPICIOUS_MOVE = YES;
				CLANG_WARN_UNGUARDED_AVAILABILITY = YES_AGGRESSIVE;
				CLANG_WARN_UNREACHABLE_CODE = YES;
				CLANG_WARN__DUPLICATE_METHOD_MATCH = YES;
				CODE_SIGN_IDENTITY = "iPhone Developer";
				COPY_PHASE_STRIP = NO;
				DEBUG_INFORMATION_FORMAT = dwarf;
				ENABLE_STRICT_OBJC_MSGSEND = YES;
				ENABLE_TESTABILITY = YES;
				GCC_C_LANGUAGE_STANDARD = gnu11;
				GCC_DYNAMIC_NO_PIC = NO;
				GCC_NO_COMMON_BLOCKS = YES;
				GCC_OPTIMIZATION_LEVEL = 0;
				GCC_PREPROCESSOR_DEFINITIONS = (
					"DEBUG=1",
					"$(inherited)",
				);
				GCC_WARN_64_TO_32_BIT_CONVERSION = YES;
				GCC_WARN_ABOUT_RETURN_TYPE = YES_ERROR;
				GCC_WARN_UNDECLARED_SELECTOR = YES;
				GCC_WARN_UNINITIALIZED_AUTOS = YES_AGGRESSIVE;
				GCC_WARN_UNUSED_FUNCTION = YES;
				GCC_WARN_UNUSED_VARIABLE = YES;
				IPHONEOS_DEPLOYMENT_TARGET = 11.0;
				MTL_ENABLE_DEBUG_INFO = YES;
				ONLY_ACTIVE_ARCH = YES;
				SDKROOT = iphoneos;
				SWIFT_ACTIVE_COMPILATION_CONDITIONS = DEBUG;
				SWIFT_OPTIMIZATION_LEVEL = "-Onone";
			};
			name = Debug;
		};
		35DBC1852368C33800FE3D9B /* Release */ = {
			isa = XCBuildConfiguration;
			buildSettings = {
				ALWAYS_SEARCH_USER_PATHS = NO;
				CLANG_ANALYZER_NONNULL = YES;
				CLANG_ANALYZER_NUMBER_OBJECT_CONVERSION = YES_AGGRESSIVE;
				CLANG_CXX_LANGUAGE_STANDARD = "gnu++14";
				CLANG_CXX_LIBRARY = "libc++";
				CLANG_ENABLE_MODULES = YES;
				CLANG_ENABLE_OBJC_ARC = YES;
				CLANG_WARN_BLOCK_CAPTURE_AUTORELEASING = YES;
				CLANG_WARN_BOOL_CONVERSION = YES;
				CLANG_WARN_COMMA = YES;
				CLANG_WARN_CONSTANT_CONVERSION = YES;
				CLANG_WARN_DIRECT_OBJC_ISA_USAGE = YES_ERROR;
				CLANG_WARN_DOCUMENTATION_COMMENTS = YES;
				CLANG_WARN_EMPTY_BODY = YES;
				CLANG_WARN_ENUM_CONVERSION = YES;
				CLANG_WARN_INFINITE_RECURSION = YES;
				CLANG_WARN_INT_CONVERSION = YES;
				CLANG_WARN_NON_LITERAL_NULL_CONVERSION = YES;
				CLANG_WARN_OBJC_LITERAL_CONVERSION = YES;
				CLANG_WARN_OBJC_ROOT_CLASS = YES_ERROR;
				CLANG_WARN_RANGE_LOOP_ANALYSIS = YES;
				CLANG_WARN_STRICT_PROTOTYPES = YES;
				CLANG_WARN_SUSPICIOUS_MOVE = YES;
				CLANG_WARN_UNGUARDED_AVAILABILITY = YES_AGGRESSIVE;
				CLANG_WARN_UNREACHABLE_CODE = YES;
				CLANG_WARN__DUPLICATE_METHOD_MATCH = YES;
				CODE_SIGN_IDENTITY = "iPhone Developer";
				COPY_PHASE_STRIP = NO;
				DEBUG_INFORMATION_FORMAT = "dwarf-with-dsym";
				ENABLE_NS_ASSERTIONS = NO;
				ENABLE_STRICT_OBJC_MSGSEND = YES;
				GCC_C_LANGUAGE_STANDARD = gnu11;
				GCC_NO_COMMON_BLOCKS = YES;
				GCC_WARN_64_TO_32_BIT_CONVERSION = YES;
				GCC_WARN_ABOUT_RETURN_TYPE = YES_ERROR;
				GCC_WARN_UNDECLARED_SELECTOR = YES;
				GCC_WARN_UNINITIALIZED_AUTOS = YES_AGGRESSIVE;
				GCC_WARN_UNUSED_FUNCTION = YES;
				GCC_WARN_UNUSED_VARIABLE = YES;
				IPHONEOS_DEPLOYMENT_TARGET = 11.0;
				MTL_ENABLE_DEBUG_INFO = NO;
				SDKROOT = iphoneos;
				SWIFT_OPTIMIZATION_LEVEL = "-Owholemodule";
				VALIDATE_PRODUCT = YES;
			};
			name = Release;
		};
		35DBC1872368C33800FE3D9B /* Debug */ = {
			isa = XCBuildConfiguration;
			baseConfigurationReference = 640BBDEDACB47DDBA7153D78 /* Pods-LastFM.debug.xcconfig */;
			buildSettings = {
				ASSETCATALOG_COMPILER_APPICON_NAME = AppIcon;
				CODE_SIGN_STYLE = Automatic;
				INFOPLIST_FILE = LastFM/Info.plist;
				LD_RUNPATH_SEARCH_PATHS = "$(inherited) @executable_path/Frameworks";
				PRODUCT_BUNDLE_IDENTIFIER = ARF.LastFM;
				PRODUCT_NAME = "$(TARGET_NAME)";
				SWIFT_VERSION = 4.0;
				TARGETED_DEVICE_FAMILY = "1,2";
			};
			name = Debug;
		};
		35DBC1882368C33800FE3D9B /* Release */ = {
			isa = XCBuildConfiguration;
			baseConfigurationReference = DA2800131985CFB459E7963A /* Pods-LastFM.release.xcconfig */;
			buildSettings = {
				ASSETCATALOG_COMPILER_APPICON_NAME = AppIcon;
				CODE_SIGN_STYLE = Automatic;
				INFOPLIST_FILE = LastFM/Info.plist;
				LD_RUNPATH_SEARCH_PATHS = "$(inherited) @executable_path/Frameworks";
				PRODUCT_BUNDLE_IDENTIFIER = ARF.LastFM;
				PRODUCT_NAME = "$(TARGET_NAME)";
				SWIFT_VERSION = 4.0;
				TARGETED_DEVICE_FAMILY = "1,2";
			};
			name = Release;
		};
/* End XCBuildConfiguration section */

/* Begin XCConfigurationList section */
		35DBC16F2368C33800FE3D9B /* Build configuration list for PBXProject "LastFM" */ = {
			isa = XCConfigurationList;
			buildConfigurations = (
				35DBC1842368C33800FE3D9B /* Debug */,
				35DBC1852368C33800FE3D9B /* Release */,
			);
			defaultConfigurationIsVisible = 0;
			defaultConfigurationName = Release;
		};
		35DBC1862368C33800FE3D9B /* Build configuration list for PBXNativeTarget "LastFM" */ = {
			isa = XCConfigurationList;
			buildConfigurations = (
				35DBC1872368C33800FE3D9B /* Debug */,
				35DBC1882368C33800FE3D9B /* Release */,
			);
			defaultConfigurationIsVisible = 0;
			defaultConfigurationName = Release;
		};
/* End XCConfigurationList section */
	};
	rootObject = 35DBC16C2368C33800FE3D9B /* Project object */;
}
